
Microsoft Visual Studio Solution File, Format Version 12.00
# Visual Studio 14
VisualStudioVersion = 14.0.25420.1
MinimumVisualStudioVersion = 10.0.40219.1
Project("{8BC9CEB8-8B4A-11D0-8D11-00A0C91BC942}") = "dxgitrace_new", "dxgitrace_new.vcxproj", "{59B3AFCC-CF6C-4F67-B2A2-F073E93E1248}"
EndProject
Project("{8BC9CEB8-8B4A-11D0-8D11-00A0C91BC942}") = "SimpleFunctionMaker", "SimpleFunctionMaker\SimpleFunctionMaker.vcxproj", "{4836F0DC-E260-4EF5-819F-552153A2A87A}"
EndProject
Global
	GlobalSection(SolutionConfigurationPlatforms) = preSolution
		Debug|x64 = Debug|x64
		Debug|x86 = Debug|x86
		Release|x64 = Release|x64
		Release|x86 = Release|x86
	EndGlobalSection
	GlobalSection(ProjectConfigurationPlatforms) = postSolution
		{59B3AFCC-CF6C-4F67-B2A2-F073E93E1248}.Debug|x64.ActiveCfg = Debug|x64
		{59B3AFCC-CF6C-4F67-B2A2-F073E93E1248}.Debug|x64.Build.0 = Debug|x64
		{59B3AFCC-CF6C-4F67-B2A2-F073E93E1248}.Debug|x86.ActiveCfg = Debug|Win32
		{59B3AFCC-CF6C-4F67-B2A2-F073E93E1248}.Debug|x86.Build.0 = Debug|Win32
		{59B3AFCC-CF6C-4F67-B2A2-F073E93E1248}.Release|x64.ActiveCfg = Release|x64
		{59B3AFCC-CF6C-4F67-B2A2-F073E93E1248}.Release|x64.Build.0 = Release|x64
		{59B3AFCC-CF6C-4F67-B2A2-F073E93E1248}.Release|x86.ActiveCfg = Release|Win32
		{59B3AFCC-CF6C-4F67-B2A2-F073E93E1248}.Release|x86.Build.0 = Release|Win32
		{4836F0DC-E260-4EF5-819F-552153A2A87A}.Debug|x64.ActiveCfg = Debug|x64
		{4836F0DC-E260-4EF5-819F-552153A2A87A}.Debug|x64.Build.0 = Debug|x64
		{4836F0DC-E260-4EF5-819F-552153A2A87A}.Debug|x86.ActiveCfg = Debug|Win32
		{4836F0DC-E260-4EF5-819F-552153A2A87A}.Debug|x86.Build.0 = Debug|Win32
		{4836F0DC-E260-4EF5-819F-552153A2A87A}.Release|x64.ActiveCfg = Release|x64
		{4836F0DC-E260-4EF5-819F-552153A2A87A}.Release|x64.Build.0 = Release|x64
		{4836F0DC-E260-4EF5-819F-552153A2A87A}.Release|x86.ActiveCfg = Release|Win32
		{4836F0DC-E260-4EF5-819F-552153A2A87A}.Release|x86.Build.0 = Release|Win32
	EndGlobalSection
	GlobalSection(SolutionProperties) = preSolution
		HideSolutionNode = FALSE
	EndGlobalSection
EndGlobal
